
Microsoft Visual Studio Solution File, Format Version 12.00
# Visual Studio Version 17
VisualStudioVersion = 17.1.32414.318
MinimumVisualStudioVersion = 10.0.40219.1
Project("{8BC9CEB8-8B4A-11D0-8D11-00A0C91BC942}") = "circles_intersection", "circles_intersection.vcxproj", "{35FF6B23-5AF8-4278-9131-23E782F4A57F}"
EndProject
Global
	GlobalSection(SolutionConfigurationPlatforms) = preSolution
		Debug|x64 = Debug|x64
		Debug|x86 = Debug|x86
		Release|x64 = Release|x64
		Release|x86 = Release|x86
	EndGlobalSection
	GlobalSection(ProjectConfigurationPlatforms) = postSolution
		{35FF6B23-5AF8-4278-9131-23E782F4A57F}.Debug|x64.ActiveCfg = Debug|x64
		{35FF6B23-5AF8-4278-9131-23E782F4A57F}.Debug|x64.Build.0 = Debug|x64
		{35FF6B23-5AF8-4278-9131-23E782F4A57F}.Debug|x86.ActiveCfg = Debug|Win32
		{35FF6B23-5AF8-4278-9131-23E782F4A57F}.Debug|x86.Build.0 = Debug|Win32
		{35FF6B23-5AF8-4278-9131-23E782F4A57F}.Release|x64.ActiveCfg = Release|x64
		{35FF6B23-5AF8-4278-9131-23E782F4A57F}.Release|x64.Build.0 = Release|x64
		{35FF6B23-5AF8-4278-9131-23E782F4A57F}.Release|x86.ActiveCfg = Release|Win32
		{35FF6B23-5AF8-4278-9131-23E782F4A57F}.Release|x86.Build.0 = Release|Win32
	EndGlobalSection
	GlobalSection(SolutionProperties) = preSolution
		HideSolutionNode = FALSE
	EndGlobalSection
	GlobalSection(ExtensibilityGlobals) = postSolution
		SolutionGuid = {113BB705-1293-445E-9B2A-18BA0C894EF5}
	EndGlobalSection
EndGlobal
