
Microsoft Visual Studio Solution File, Format Version 12.00
# Visual Studio Version 17
VisualStudioVersion = 17.1.32414.318
MinimumVisualStudioVersion = 10.0.40219.1
Project("{8BC9CEB8-8B4A-11D0-8D11-00A0C91BC942}") = "random numbers array (no duplicates)", "random numbers array (no duplicates).vcxproj", "{1C06FB95-FEB1-4C63-9719-5F142E4E9228}"
EndProject
Global
	GlobalSection(SolutionConfigurationPlatforms) = preSolution
		Debug|x64 = Debug|x64
		Debug|x86 = Debug|x86
		Release|x64 = Release|x64
		Release|x86 = Release|x86
	EndGlobalSection
	GlobalSection(ProjectConfigurationPlatforms) = postSolution
		{1C06FB95-FEB1-4C63-9719-5F142E4E9228}.Debug|x64.ActiveCfg = Debug|x64
		{1C06FB95-FEB1-4C63-9719-5F142E4E9228}.Debug|x64.Build.0 = Debug|x64
		{1C06FB95-FEB1-4C63-9719-5F142E4E9228}.Debug|x86.ActiveCfg = Debug|Win32
		{1C06FB95-FEB1-4C63-9719-5F142E4E9228}.Debug|x86.Build.0 = Debug|Win32
		{1C06FB95-FEB1-4C63-9719-5F142E4E9228}.Release|x64.ActiveCfg = Release|x64
		{1C06FB95-FEB1-4C63-9719-5F142E4E9228}.Release|x64.Build.0 = Release|x64
		{1C06FB95-FEB1-4C63-9719-5F142E4E9228}.Release|x86.ActiveCfg = Release|Win32
		{1C06FB95-FEB1-4C63-9719-5F142E4E9228}.Release|x86.Build.0 = Release|Win32
	EndGlobalSection
	GlobalSection(SolutionProperties) = preSolution
		HideSolutionNode = FALSE
	EndGlobalSection
	GlobalSection(ExtensibilityGlobals) = postSolution
		SolutionGuid = {A4AF68E5-9B4A-42BE-8E5F-EAC667F08B0A}
	EndGlobalSection
EndGlobal
