
Microsoft Visual Studio Solution File, Format Version 12.00
# Visual Studio Version 17
VisualStudioVersion = 17.1.32414.318
MinimumVisualStudioVersion = 10.0.40219.1
Project("{8BC9CEB8-8B4A-11D0-8D11-00A0C91BC942}") = "pow_func", "pow_func.vcxproj", "{3E3D4A6A-3E81-4F12-8E54-50798327F2E2}"
EndProject
Global
	GlobalSection(SolutionConfigurationPlatforms) = preSolution
		Debug|x64 = Debug|x64
		Debug|x86 = Debug|x86
		Release|x64 = Release|x64
		Release|x86 = Release|x86
	EndGlobalSection
	GlobalSection(ProjectConfigurationPlatforms) = postSolution
		{3E3D4A6A-3E81-4F12-8E54-50798327F2E2}.Debug|x64.ActiveCfg = Debug|x64
		{3E3D4A6A-3E81-4F12-8E54-50798327F2E2}.Debug|x64.Build.0 = Debug|x64
		{3E3D4A6A-3E81-4F12-8E54-50798327F2E2}.Debug|x86.ActiveCfg = Debug|Win32
		{3E3D4A6A-3E81-4F12-8E54-50798327F2E2}.Debug|x86.Build.0 = Debug|Win32
		{3E3D4A6A-3E81-4F12-8E54-50798327F2E2}.Release|x64.ActiveCfg = Release|x64
		{3E3D4A6A-3E81-4F12-8E54-50798327F2E2}.Release|x64.Build.0 = Release|x64
		{3E3D4A6A-3E81-4F12-8E54-50798327F2E2}.Release|x86.ActiveCfg = Release|Win32
		{3E3D4A6A-3E81-4F12-8E54-50798327F2E2}.Release|x86.Build.0 = Release|Win32
	EndGlobalSection
	GlobalSection(SolutionProperties) = preSolution
		HideSolutionNode = FALSE
	EndGlobalSection
	GlobalSection(ExtensibilityGlobals) = postSolution
		SolutionGuid = {2C7DB833-9440-4B24-9FB6-D485218F68CE}
	EndGlobalSection
EndGlobal
