
Microsoft Visual Studio Solution File, Format Version 12.00
# Visual Studio Version 17
VisualStudioVersion = 17.1.32414.318
MinimumVisualStudioVersion = 10.0.40219.1
Project("{8BC9CEB8-8B4A-11D0-8D11-00A0C91BC942}") = "average_in_array", "average_in_array.vcxproj", "{B61C02F2-7988-4450-B991-062722377DA9}"
EndProject
Global
	GlobalSection(SolutionConfigurationPlatforms) = preSolution
		Debug|x64 = Debug|x64
		Debug|x86 = Debug|x86
		Release|x64 = Release|x64
		Release|x86 = Release|x86
	EndGlobalSection
	GlobalSection(ProjectConfigurationPlatforms) = postSolution
		{B61C02F2-7988-4450-B991-062722377DA9}.Debug|x64.ActiveCfg = Debug|x64
		{B61C02F2-7988-4450-B991-062722377DA9}.Debug|x64.Build.0 = Debug|x64
		{B61C02F2-7988-4450-B991-062722377DA9}.Debug|x86.ActiveCfg = Debug|Win32
		{B61C02F2-7988-4450-B991-062722377DA9}.Debug|x86.Build.0 = Debug|Win32
		{B61C02F2-7988-4450-B991-062722377DA9}.Release|x64.ActiveCfg = Release|x64
		{B61C02F2-7988-4450-B991-062722377DA9}.Release|x64.Build.0 = Release|x64
		{B61C02F2-7988-4450-B991-062722377DA9}.Release|x86.ActiveCfg = Release|Win32
		{B61C02F2-7988-4450-B991-062722377DA9}.Release|x86.Build.0 = Release|Win32
	EndGlobalSection
	GlobalSection(SolutionProperties) = preSolution
		HideSolutionNode = FALSE
	EndGlobalSection
	GlobalSection(ExtensibilityGlobals) = postSolution
		SolutionGuid = {170178D6-E769-4A90-9816-FC8E82AC50B8}
	EndGlobalSection
EndGlobal
