
Microsoft Visual Studio Solution File, Format Version 12.00
# Visual Studio Version 17
VisualStudioVersion = 17.1.32414.318
MinimumVisualStudioVersion = 10.0.40219.1
Project("{8BC9CEB8-8B4A-11D0-8D11-00A0C91BC942}") = "atm", "atm.vcxproj", "{E1C45181-FDDE-4EA3-9D9C-A2EDBBB51412}"
EndProject
Global
	GlobalSection(SolutionConfigurationPlatforms) = preSolution
		Debug|x64 = Debug|x64
		Debug|x86 = Debug|x86
		Release|x64 = Release|x64
		Release|x86 = Release|x86
	EndGlobalSection
	GlobalSection(ProjectConfigurationPlatforms) = postSolution
		{E1C45181-FDDE-4EA3-9D9C-A2EDBBB51412}.Debug|x64.ActiveCfg = Debug|x64
		{E1C45181-FDDE-4EA3-9D9C-A2EDBBB51412}.Debug|x64.Build.0 = Debug|x64
		{E1C45181-FDDE-4EA3-9D9C-A2EDBBB51412}.Debug|x86.ActiveCfg = Debug|Win32
		{E1C45181-FDDE-4EA3-9D9C-A2EDBBB51412}.Debug|x86.Build.0 = Debug|Win32
		{E1C45181-FDDE-4EA3-9D9C-A2EDBBB51412}.Release|x64.ActiveCfg = Release|x64
		{E1C45181-FDDE-4EA3-9D9C-A2EDBBB51412}.Release|x64.Build.0 = Release|x64
		{E1C45181-FDDE-4EA3-9D9C-A2EDBBB51412}.Release|x86.ActiveCfg = Release|Win32
		{E1C45181-FDDE-4EA3-9D9C-A2EDBBB51412}.Release|x86.Build.0 = Release|Win32
	EndGlobalSection
	GlobalSection(SolutionProperties) = preSolution
		HideSolutionNode = FALSE
	EndGlobalSection
	GlobalSection(ExtensibilityGlobals) = postSolution
		SolutionGuid = {9B9E56FA-DD0D-4691-BE59-D3C988AF3DF7}
	EndGlobalSection
EndGlobal
