
Microsoft Visual Studio Solution File, Format Version 12.00
# Visual Studio Version 17
VisualStudioVersion = 17.1.32414.318
MinimumVisualStudioVersion = 10.0.40219.1
Project("{8BC9CEB8-8B4A-11D0-8D11-00A0C91BC942}") = "symbol_line", "symbol_line.vcxproj", "{B2548BF5-65E1-4B47-888E-CF47C8103F08}"
EndProject
Global
	GlobalSection(SolutionConfigurationPlatforms) = preSolution
		Debug|x64 = Debug|x64
		Debug|x86 = Debug|x86
		Release|x64 = Release|x64
		Release|x86 = Release|x86
	EndGlobalSection
	GlobalSection(ProjectConfigurationPlatforms) = postSolution
		{B2548BF5-65E1-4B47-888E-CF47C8103F08}.Debug|x64.ActiveCfg = Debug|x64
		{B2548BF5-65E1-4B47-888E-CF47C8103F08}.Debug|x64.Build.0 = Debug|x64
		{B2548BF5-65E1-4B47-888E-CF47C8103F08}.Debug|x86.ActiveCfg = Debug|Win32
		{B2548BF5-65E1-4B47-888E-CF47C8103F08}.Debug|x86.Build.0 = Debug|Win32
		{B2548BF5-65E1-4B47-888E-CF47C8103F08}.Release|x64.ActiveCfg = Release|x64
		{B2548BF5-65E1-4B47-888E-CF47C8103F08}.Release|x64.Build.0 = Release|x64
		{B2548BF5-65E1-4B47-888E-CF47C8103F08}.Release|x86.ActiveCfg = Release|Win32
		{B2548BF5-65E1-4B47-888E-CF47C8103F08}.Release|x86.Build.0 = Release|Win32
	EndGlobalSection
	GlobalSection(SolutionProperties) = preSolution
		HideSolutionNode = FALSE
	EndGlobalSection
	GlobalSection(ExtensibilityGlobals) = postSolution
		SolutionGuid = {C1840CD8-BDB5-450A-AC33-6BA02F054DA0}
	EndGlobalSection
EndGlobal
